// !$*UTF8*$!
{
	archiveVersion = 1;
	classes = {
	};
	objectVersion = 46;
	objects = {

/* Begin PBXBuildFile section */
		072037261B22632B00C484CD /* AppModule.m in Sources */ = {isa = PBXBuildFile; fileRef = 072037251B22632B00C484CD /* AppModule.m */; };
		0744C8E51B22546C007A9021 /* main.m in Sources */ = {isa = PBXBuildFile; fileRef = 0744C8E41B22546C007A9021 /* main.m */; };
		0744C8E81B22546C007A9021 /* AppDelegate.m in Sources */ = {isa = PBXBuildFile; fileRef = 0744C8E71B22546C007A9021 /* AppDelegate.m */; };
		0744C8EB1B22546C007A9021 /* MenuViewController.m in Sources */ = {isa = PBXBuildFile; fileRef = 0744C8EA1B22546C007A9021 /* MenuViewController.m */; };
		0744C8F01B22546C007A9021 /* Images.xcassets in Resources */ = {isa = PBXBuildFile; fileRef = 0744C8EF1B22546C007A9021 /* Images.xcassets */; };
		0744C8F31B22546C007A9021 /* LaunchScreen.xib in Resources */ = {isa = PBXBuildFile; fileRef = 0744C8F11B22546C007A9021 /* LaunchScreen.xib */; };
		07D7E5701B2265A200FCCAFC /* MenuViewControllerSpec.mm in Sources */ = {isa = PBXBuildFile; fileRef = 07D7E56F1B2265A200FCCAFC /* MenuViewControllerSpec.mm */; };
		07D7E5721B24647900FCCAFC /* Earthquakes.storyboard in Resources */ = {isa = PBXBuildFile; fileRef = 07D7E5711B24647900FCCAFC /* Earthquakes.storyboard */; };
		07D7E5751B24651200FCCAFC /* EarthquakeController.m in Sources */ = {isa = PBXBuildFile; fileRef = 07D7E5741B24651200FCCAFC /* EarthquakeController.m */; };
		07FD2D621B2C6E4B004FED08 /* MenuViewController.xib in Resources */ = {isa = PBXBuildFile; fileRef = 07FD2D611B2C6E4B004FED08 /* MenuViewController.xib */; };
		85C2C13293669727C27D3E7C /* TestModule.m in Sources */ = {isa = PBXBuildFile; fileRef = 85C2C7EDED59DC0474176D41 /* TestModule.m */; };
		85C2C2B106DC0F3FE2C33A5E /* EarthquakeControllerSpec.mm in Sources */ = {isa = PBXBuildFile; fileRef = 85C2C0D0860F7A9C0C5A0932 /* EarthquakeControllerSpec.mm */; };
		85C2C76AF92EF8A8ED7388C5 /* FixtureStubber.m in Sources */ = {isa = PBXBuildFile; fileRef = 85C2C9B5D6A8249D373BAEAB /* FixtureStubber.m */; };
		85C2C88C3E6CBBA664CC3F92 /* EarthquakeDetailController.m in Sources */ = {isa = PBXBuildFile; fileRef = 85C2C5854EEAE357ED3F647B /* EarthquakeDetailController.m */; };
		85C2CB2007BF171CE12B53E2 /* earthquakes.json in Resources */ = {isa = PBXBuildFile; fileRef = 85C2CD22CFDD2A8E00BA912B /* earthquakes.json */; };
		85C2CB49C213A9B70A5E54A3 /* EarthquakeModule.m in Sources */ = {isa = PBXBuildFile; fileRef = 85C2C2E1F914472695C2F491 /* EarthquakeModule.m */; };
		85C2CDF206E8CFDC3D7A3682 /* ResetHttpStubs.m in Sources */ = {isa = PBXBuildFile; fileRef = 85C2C78E89EB9D8694F98C50 /* ResetHttpStubs.m */; };
		85C2CF00986D984FF4DB4D0F /* Readme.md in Resources */ = {isa = PBXBuildFile; fileRef = 85C2CC770FC75D54BDB124F9 /* Readme.md */; };
		B952F2528C112B57D8FD8645 /* libPods-IosTestSamplesTests.a in Frameworks */ = {isa = PBXBuildFile; fileRef = 91A6F1E2E4A7FCF0AC7D9247 /* libPods-IosTestSamplesTests.a */; };
		C475D50437C410F42419A215 /* libPods-IosTestSamplesTests.a in Frameworks */ = {isa = PBXBuildFile; fileRef = 849D289CAE9508F9E4E1F1F3 /* libPods-IosTestSamplesTests.a */; };
		D882EFCD0A2150A615E346F7 /* libPods-IosTestSamples.a in Frameworks */ = {isa = PBXBuildFile; fileRef = A1E2EC3B40BC0FFA14CBB132 /* libPods-IosTestSamples.a */; };
/* End PBXBuildFile section */

/* Begin PBXContainerItemProxy section */
		0744C8F91B22546D007A9021 /* PBXContainerItemProxy */ = {
			isa = PBXContainerItemProxy;
			containerPortal = 0744C8D71B22546C007A9021 /* Project object */;
			proxyType = 1;
			remoteGlobalIDString = 0744C8DE1B22546C007A9021;
			remoteInfo = IosTestSamples;
		};
/* End PBXContainerItemProxy section */

/* Begin PBXFileReference section */
		072037241B22632B00C484CD /* AppModule.h */ = {isa = PBXFileReference; fileEncoding = 4; lastKnownFileType = sourcecode.c.h; path = AppModule.h; sourceTree = "<group>"; };
		072037251B22632B00C484CD /* AppModule.m */ = {isa = PBXFileReference; fileEncoding = 4; lastKnownFileType = sourcecode.c.objc; path = AppModule.m; sourceTree = "<group>"; };
		0744C8DF1B22546C007A9021 /* IosTestSamples.app */ = {isa = PBXFileReference; explicitFileType = wrapper.application; includeInIndex = 0; path = IosTestSamples.app; sourceTree = BUILT_PRODUCTS_DIR; };
		0744C8E31B22546C007A9021 /* Info.plist */ = {isa = PBXFileReference; lastKnownFileType = text.plist.xml; path = Info.plist; sourceTree = "<group>"; };
		0744C8E41B22546C007A9021 /* main.m */ = {isa = PBXFileReference; lastKnownFileType = sourcecode.c.objc; path = main.m; sourceTree = "<group>"; };
		0744C8E61B22546C007A9021 /* AppDelegate.h */ = {isa = PBXFileReference; lastKnownFileType = sourcecode.c.h; path = AppDelegate.h; sourceTree = "<group>"; };
		0744C8E71B22546C007A9021 /* AppDelegate.m */ = {isa = PBXFileReference; lastKnownFileType = sourcecode.c.objc; path = AppDelegate.m; sourceTree = "<group>"; };
		0744C8E91B22546C007A9021 /* MenuViewController.h */ = {isa = PBXFileReference; lastKnownFileType = sourcecode.c.h; path = MenuViewController.h; sourceTree = "<group>"; };
		0744C8EA1B22546C007A9021 /* MenuViewController.m */ = {isa = PBXFileReference; lastKnownFileType = sourcecode.c.objc; path = MenuViewController.m; sourceTree = "<group>"; };
		0744C8EF1B22546C007A9021 /* Images.xcassets */ = {isa = PBXFileReference; lastKnownFileType = folder.assetcatalog; path = Images.xcassets; sourceTree = "<group>"; };
		0744C8F21B22546C007A9021 /* Base */ = {isa = PBXFileReference; lastKnownFileType = file.xib; name = Base; path = Base.lproj/LaunchScreen.xib; sourceTree = "<group>"; };
		0744C8F81B22546D007A9021 /* IosTestSamplesTests.xctest */ = {isa = PBXFileReference; explicitFileType = wrapper.cfbundle; includeInIndex = 0; path = IosTestSamplesTests.xctest; sourceTree = BUILT_PRODUCTS_DIR; };
		0744C8FD1B22546D007A9021 /* Info.plist */ = {isa = PBXFileReference; lastKnownFileType = text.plist.xml; path = Info.plist; sourceTree = "<group>"; };
		07D7E56F1B2265A200FCCAFC /* MenuViewControllerSpec.mm */ = {isa = PBXFileReference; fileEncoding = 4; lastKnownFileType = sourcecode.cpp.objcpp; path = MenuViewControllerSpec.mm; sourceTree = "<group>"; };
		07D7E5711B24647900FCCAFC /* Earthquakes.storyboard */ = {isa = PBXFileReference; fileEncoding = 4; lastKnownFileType = file.storyboard; path = Earthquakes.storyboard; sourceTree = "<group>"; };
		07D7E5731B24651200FCCAFC /* EarthquakeController.h */ = {isa = PBXFileReference; fileEncoding = 4; lastKnownFileType = sourcecode.c.h; path = EarthquakeController.h; sourceTree = "<group>"; };
		07D7E5741B24651200FCCAFC /* EarthquakeController.m */ = {isa = PBXFileReference; fileEncoding = 4; lastKnownFileType = sourcecode.c.objc; path = EarthquakeController.m; sourceTree = "<group>"; };
		07FD2D611B2C6E4B004FED08 /* MenuViewController.xib */ = {isa = PBXFileReference; fileEncoding = 4; lastKnownFileType = file.xib; path = MenuViewController.xib; sourceTree = "<group>"; };
		0FB30A09A0E0E5C8930A54FF /* Pods-IosTestSamples.debug.xcconfig */ = {isa = PBXFileReference; includeInIndex = 1; lastKnownFileType = text.xcconfig; name = "Pods-IosTestSamples.debug.xcconfig"; path = "Pods/Target Support Files/Pods-IosTestSamples/Pods-IosTestSamples.debug.xcconfig"; sourceTree = "<group>"; };
		1434E1492BD3B9147B779437 /* Pods-IosTestSamples.release.xcconfig */ = {isa = PBXFileReference; includeInIndex = 1; lastKnownFileType = text.xcconfig; name = "Pods-IosTestSamples.release.xcconfig"; path = "Pods/Target Support Files/Pods-IosTestSamples/Pods-IosTestSamples.release.xcconfig"; sourceTree = "<group>"; };
		33CD078C676BF0FFB6A10922 /* Pods-IosTestSamplesTests.debug.xcconfig */ = {isa = PBXFileReference; includeInIndex = 1; lastKnownFileType = text.xcconfig; name = "Pods-IosTestSamplesTests.debug.xcconfig"; path = "Pods/Target Support Files/Pods-IosTestSamplesTests/Pods-IosTestSamplesTests.debug.xcconfig"; sourceTree = "<group>"; };
		4FA132D542677983F2C4CE30 /* Pods-IosTestSamplesTests.release.xcconfig */ = {isa = PBXFileReference; includeInIndex = 1; lastKnownFileType = text.xcconfig; name = "Pods-IosTestSamplesTests.release.xcconfig"; path = "Pods/Target Support Files/Pods-IosTestSamplesTests/Pods-IosTestSamplesTests.release.xcconfig"; sourceTree = "<group>"; };
		52A3E193615CE49593492813 /* Pods-IosTestSamplesTests.debug.xcconfig */ = {isa = PBXFileReference; includeInIndex = 1; lastKnownFileType = text.xcconfig; name = "Pods-IosTestSamplesTests.debug.xcconfig"; path = "Pods/Target Support Files/Pods-IosTestSamplesTests/Pods-IosTestSamplesTests.debug.xcconfig"; sourceTree = "<group>"; };
		56365BC2D35FDE7EEDD3E09D /* Pods-IosTestSamples.debug.xcconfig */ = {isa = PBXFileReference; includeInIndex = 1; lastKnownFileType = text.xcconfig; name = "Pods-IosTestSamples.debug.xcconfig"; path = "Pods/Target Support Files/Pods-IosTestSamples/Pods-IosTestSamples.debug.xcconfig"; sourceTree = "<group>"; };
		7C7C3DBC8AF7DE0FF366BD05 /* libPods-IosTestSamples.a */ = {isa = PBXFileReference; explicitFileType = archive.ar; includeInIndex = 0; path = "libPods-IosTestSamples.a"; sourceTree = BUILT_PRODUCTS_DIR; };
		849D289CAE9508F9E4E1F1F3 /* libPods-IosTestSamplesTests.a */ = {isa = PBXFileReference; explicitFileType = archive.ar; includeInIndex = 0; path = "libPods-IosTestSamplesTests.a"; sourceTree = BUILT_PRODUCTS_DIR; };
		85C2C0D0860F7A9C0C5A0932 /* EarthquakeControllerSpec.mm */ = {isa = PBXFileReference; fileEncoding = 4; lastKnownFileType = sourcecode.cpp.objcpp; path = EarthquakeControllerSpec.mm; sourceTree = "<group>"; };
		85C2C13C5C405A6BFBBF1F32 /* EarthquakeModule.h */ = {isa = PBXFileReference; fileEncoding = 4; lastKnownFileType = sourcecode.c.h; path = EarthquakeModule.h; sourceTree = "<group>"; };
		85C2C2E1F914472695C2F491 /* EarthquakeModule.m */ = {isa = PBXFileReference; fileEncoding = 4; lastKnownFileType = sourcecode.c.objc; path = EarthquakeModule.m; sourceTree = "<group>"; };
		85C2C5854EEAE357ED3F647B /* EarthquakeDetailController.m */ = {isa = PBXFileReference; fileEncoding = 4; lastKnownFileType = sourcecode.c.objc; path = EarthquakeDetailController.m; sourceTree = "<group>"; };
		85C2C78E89EB9D8694F98C50 /* ResetHttpStubs.m */ = {isa = PBXFileReference; fileEncoding = 4; lastKnownFileType = sourcecode.c.objc; path = ResetHttpStubs.m; sourceTree = "<group>"; };
		85C2C7EDED59DC0474176D41 /* TestModule.m */ = {isa = PBXFileReference; fileEncoding = 4; lastKnownFileType = sourcecode.c.objc; path = TestModule.m; sourceTree = "<group>"; };
		85C2C82F1D7A540AA8C05D07 /* EarthquakeDetailController.h */ = {isa = PBXFileReference; fileEncoding = 4; lastKnownFileType = sourcecode.c.h; path = EarthquakeDetailController.h; sourceTree = "<group>"; };
		85C2C91D186AC72366C65694 /* TestModule.h */ = {isa = PBXFileReference; fileEncoding = 4; lastKnownFileType = sourcecode.c.h; path = TestModule.h; sourceTree = "<group>"; };
		85C2C92ED41A827687AACA82 /* ResetHttpStubs.h */ = {isa = PBXFileReference; fileEncoding = 4; lastKnownFileType = sourcecode.c.h; path = ResetHttpStubs.h; sourceTree = "<group>"; };
		85C2C9B5D6A8249D373BAEAB /* FixtureStubber.m */ = {isa = PBXFileReference; fileEncoding = 4; lastKnownFileType = sourcecode.c.objc; path = FixtureStubber.m; sourceTree = "<group>"; };
		85C2CC770FC75D54BDB124F9 /* Readme.md */ = {isa = PBXFileReference; lastKnownFileType = file.md; path = Readme.md; sourceTree = SOURCE_ROOT; };
		85C2CD22CFDD2A8E00BA912B /* earthquakes.json */ = {isa = PBXFileReference; lastKnownFileType = file.json; path = earthquakes.json; sourceTree = "<group>"; };
		85C2CDC132BD2C3844EFC3C7 /* FixtureStubber.h */ = {isa = PBXFileReference; fileEncoding = 4; lastKnownFileType = sourcecode.c.h; path = FixtureStubber.h; sourceTree = "<group>"; };
		91A6F1E2E4A7FCF0AC7D9247 /* libPods-IosTestSamplesTests.a */ = {isa = PBXFileReference; explicitFileType = archive.ar; includeInIndex = 0; path = "libPods-IosTestSamplesTests.a"; sourceTree = BUILT_PRODUCTS_DIR; };
		9827D2B6AF1B8E82C886769F /* Pods-IosTestSamples.release.xcconfig */ = {isa = PBXFileReference; includeInIndex = 1; lastKnownFileType = text.xcconfig; name = "Pods-IosTestSamples.release.xcconfig"; path = "Pods/Target Support Files/Pods-IosTestSamples/Pods-IosTestSamples.release.xcconfig"; sourceTree = "<group>"; };
		A1E2EC3B40BC0FFA14CBB132 /* libPods-IosTestSamples.a */ = {isa = PBXFileReference; explicitFileType = archive.ar; includeInIndex = 0; path = "libPods-IosTestSamples.a"; sourceTree = BUILT_PRODUCTS_DIR; };
		B4C8E3C1A46065842EA58CB5 /* Pods-IosTestSamplesTests.release.xcconfig */ = {isa = PBXFileReference; includeInIndex = 1; lastKnownFileType = text.xcconfig; name = "Pods-IosTestSamplesTests.release.xcconfig"; path = "Pods/Target Support Files/Pods-IosTestSamplesTests/Pods-IosTestSamplesTests.release.xcconfig"; sourceTree = "<group>"; };
/* End PBXFileReference section */

/* Begin PBXFrameworksBuildPhase section */
		0744C8DC1B22546C007A9021 /* Frameworks */ = {
			isa = PBXFrameworksBuildPhase;
			buildActionMask = 2147483647;
			files = (
				D882EFCD0A2150A615E346F7 /* libPods-IosTestSamples.a in Frameworks */,
			);
			runOnlyForDeploymentPostprocessing = 0;
		};
		0744C8F51B22546D007A9021 /* Frameworks */ = {
			isa = PBXFrameworksBuildPhase;
			buildActionMask = 2147483647;
			files = (
				B952F2528C112B57D8FD8645 /* libPods-IosTestSamplesTests.a in Frameworks */,
				C475D50437C410F42419A215 /* libPods-IosTestSamplesTests.a in Frameworks */,
			);
			runOnlyForDeploymentPostprocessing = 0;
		};
/* End PBXFrameworksBuildPhase section */

/* Begin PBXGroup section */
		072037201B22629C00C484CD /* Blindside */ = {
			isa = PBXGroup;
			children = (
				072037241B22632B00C484CD /* AppModule.h */,
				072037251B22632B00C484CD /* AppModule.m */,
			);
			path = Blindside;
			sourceTree = "<group>";
		};
		0744C8D61B22546C007A9021 = {
			isa = PBXGroup;
			children = (
				0744C8E11B22546C007A9021 /* IosTestSamples */,
				0744C8FB1B22546D007A9021 /* IosTestSamplesTests */,
				0744C8E01B22546C007A9021 /* Products */,
				FFDA9DB8DAD18E35C243E0CB /* Pods */,
				88C9573F967B51D9500648F0 /* Frameworks */,
			);
			sourceTree = "<group>";
		};
		0744C8E01B22546C007A9021 /* Products */ = {
			isa = PBXGroup;
			children = (
				0744C8DF1B22546C007A9021 /* IosTestSamples.app */,
				0744C8F81B22546D007A9021 /* IosTestSamplesTests.xctest */,
			);
			name = Products;
			sourceTree = "<group>";
		};
		0744C8E11B22546C007A9021 /* IosTestSamples */ = {
			isa = PBXGroup;
			children = (
				072037201B22629C00C484CD /* Blindside */,
				0744C8E61B22546C007A9021 /* AppDelegate.h */,
				0744C8E71B22546C007A9021 /* AppDelegate.m */,
				0744C8E91B22546C007A9021 /* MenuViewController.h */,
				0744C8EA1B22546C007A9021 /* MenuViewController.m */,
				07FD2D611B2C6E4B004FED08 /* MenuViewController.xib */,
				0744C8EF1B22546C007A9021 /* Images.xcassets */,
				0744C8F11B22546C007A9021 /* LaunchScreen.xib */,
				0744C8E21B22546C007A9021 /* Supporting Files */,
				85C2C34F2BD78E9B804F414B /* Earthquakes */,
				85C2CC770FC75D54BDB124F9 /* Readme.md */,
			);
			path = IosTestSamples;
			sourceTree = "<group>";
		};
		0744C8E21B22546C007A9021 /* Supporting Files */ = {
			isa = PBXGroup;
			children = (
				0744C8E31B22546C007A9021 /* Info.plist */,
				0744C8E41B22546C007A9021 /* main.m */,
			);
			name = "Supporting Files";
			sourceTree = "<group>";
		};
		0744C8FB1B22546D007A9021 /* IosTestSamplesTests */ = {
			isa = PBXGroup;
			children = (
				0744C8FC1B22546D007A9021 /* Supporting Files */,
				07D7E56F1B2265A200FCCAFC /* MenuViewControllerSpec.mm */,
				85C2C7EDED59DC0474176D41 /* TestModule.m */,
				85C2C91D186AC72366C65694 /* TestModule.h */,
				85C2CC65E9FCB2CF85655832 /* Earthquakes */,
				85C2C5426488143FB8BA488D /* support */,
			);
			path = IosTestSamplesTests;
			sourceTree = "<group>";
		};
		0744C8FC1B22546D007A9021 /* Supporting Files */ = {
			isa = PBXGroup;
			children = (
				0744C8FD1B22546D007A9021 /* Info.plist */,
			);
			name = "Supporting Files";
			sourceTree = "<group>";
		};
		85C2C34F2BD78E9B804F414B /* Earthquakes */ = {
			isa = PBXGroup;
			children = (
				07D7E5711B24647900FCCAFC /* Earthquakes.storyboard */,
				07D7E5731B24651200FCCAFC /* EarthquakeController.h */,
				07D7E5741B24651200FCCAFC /* EarthquakeController.m */,
				85C2C2E1F914472695C2F491 /* EarthquakeModule.m */,
				85C2C13C5C405A6BFBBF1F32 /* EarthquakeModule.h */,
				85C2C5854EEAE357ED3F647B /* EarthquakeDetailController.m */,
				85C2C82F1D7A540AA8C05D07 /* EarthquakeDetailController.h */,
			);
			path = Earthquakes;
			sourceTree = "<group>";
		};
		85C2C5426488143FB8BA488D /* support */ = {
			isa = PBXGroup;
			children = (
				85C2C9B5D6A8249D373BAEAB /* FixtureStubber.m */,
				85C2CDC132BD2C3844EFC3C7 /* FixtureStubber.h */,
			);
			path = support;
			sourceTree = "<group>";
		};
		85C2CB60E9DD5ACEB068015C /* Fixtures */ = {
			isa = PBXGroup;
			children = (
				85C2CD22CFDD2A8E00BA912B /* earthquakes.json */,
			);
			path = Fixtures;
			sourceTree = "<group>";
		};
		85C2CC65E9FCB2CF85655832 /* Earthquakes */ = {
			isa = PBXGroup;
			children = (
				85C2C0D0860F7A9C0C5A0932 /* EarthquakeControllerSpec.mm */,
				85C2C78E89EB9D8694F98C50 /* ResetHttpStubs.m */,
				85C2C92ED41A827687AACA82 /* ResetHttpStubs.h */,
				85C2CB60E9DD5ACEB068015C /* Fixtures */,
			);
			path = Earthquakes;
			sourceTree = "<group>";
		};
		88C9573F967B51D9500648F0 /* Frameworks */ = {
			isa = PBXGroup;
			children = (
				91A6F1E2E4A7FCF0AC7D9247 /* libPods-IosTestSamplesTests.a */,
				7C7C3DBC8AF7DE0FF366BD05 /* libPods-IosTestSamples.a */,
				A1E2EC3B40BC0FFA14CBB132 /* libPods-IosTestSamples.a */,
				849D289CAE9508F9E4E1F1F3 /* libPods-IosTestSamplesTests.a */,
			);
			name = Frameworks;
			sourceTree = "<group>";
		};
		FFDA9DB8DAD18E35C243E0CB /* Pods */ = {
			isa = PBXGroup;
			children = (
				52A3E193615CE49593492813 /* Pods-IosTestSamplesTests.debug.xcconfig */,
				4FA132D542677983F2C4CE30 /* Pods-IosTestSamplesTests.release.xcconfig */,
				0FB30A09A0E0E5C8930A54FF /* Pods-IosTestSamples.debug.xcconfig */,
				9827D2B6AF1B8E82C886769F /* Pods-IosTestSamples.release.xcconfig */,
				56365BC2D35FDE7EEDD3E09D /* Pods-IosTestSamples.debug.xcconfig */,
				1434E1492BD3B9147B779437 /* Pods-IosTestSamples.release.xcconfig */,
				33CD078C676BF0FFB6A10922 /* Pods-IosTestSamplesTests.debug.xcconfig */,
				B4C8E3C1A46065842EA58CB5 /* Pods-IosTestSamplesTests.release.xcconfig */,
			);
			name = Pods;
			sourceTree = "<group>";
		};
/* End PBXGroup section */

/* Begin PBXNativeTarget section */
		0744C8DE1B22546C007A9021 /* IosTestSamples */ = {
			isa = PBXNativeTarget;
			buildConfigurationList = 0744C9021B22546D007A9021 /* Build configuration list for PBXNativeTarget "IosTestSamples" */;
			buildPhases = (
				C8B27647739D568BF5F4249D /* Check Pods Manifest.lock */,
				0744C8DB1B22546C007A9021 /* Sources */,
				0744C8DC1B22546C007A9021 /* Frameworks */,
				0744C8DD1B22546C007A9021 /* Resources */,
				6520CC746ED758636D04E917 /* Copy Pods Resources */,
			);
			buildRules = (
			);
			dependencies = (
			);
			name = IosTestSamples;
			productName = IosTestSamples;
			productReference = 0744C8DF1B22546C007A9021 /* IosTestSamples.app */;
			productType = "com.apple.product-type.application";
		};
		0744C8F71B22546D007A9021 /* IosTestSamplesTests */ = {
			isa = PBXNativeTarget;
			buildConfigurationList = 0744C9051B22546D007A9021 /* Build configuration list for PBXNativeTarget "IosTestSamplesTests" */;
			buildPhases = (
				46547EDDE4B2ADBB915386BA /* Check Pods Manifest.lock */,
				0744C8F41B22546D007A9021 /* Sources */,
				0744C8F51B22546D007A9021 /* Frameworks */,
				0744C8F61B22546D007A9021 /* Resources */,
				DA171BB331C71DF730732DE7 /* Copy Pods Resources */,
			);
			buildRules = (
			);
			dependencies = (
				0744C8FA1B22546D007A9021 /* PBXTargetDependency */,
			);
			name = IosTestSamplesTests;
			productName = IosTestSamplesTests;
			productReference = 0744C8F81B22546D007A9021 /* IosTestSamplesTests.xctest */;
			productType = "com.apple.product-type.bundle.unit-test";
		};
/* End PBXNativeTarget section */

/* Begin PBXProject section */
		0744C8D71B22546C007A9021 /* Project object */ = {
			isa = PBXProject;
			attributes = {
				LastUpgradeCheck = 0630;
				ORGANIZATIONNAME = "Nick Street";
				TargetAttributes = {
					0744C8DE1B22546C007A9021 = {
						CreatedOnToolsVersion = 6.3.1;
					};
					0744C8F71B22546D007A9021 = {
						CreatedOnToolsVersion = 6.3.1;
						TestTargetID = 0744C8DE1B22546C007A9021;
					};
				};
			};
			buildConfigurationList = 0744C8DA1B22546C007A9021 /* Build configuration list for PBXProject "IosTestSamples" */;
			compatibilityVersion = "Xcode 3.2";
			developmentRegion = English;
			hasScannedForEncodings = 0;
			knownRegions = (
				en,
				Base,
			);
			mainGroup = 0744C8D61B22546C007A9021;
			productRefGroup = 0744C8E01B22546C007A9021 /* Products */;
			projectDirPath = "";
			projectRoot = "";
			targets = (
				0744C8DE1B22546C007A9021 /* IosTestSamples */,
				0744C8F71B22546D007A9021 /* IosTestSamplesTests */,
			);
		};
/* End PBXProject section */

/* Begin PBXResourcesBuildPhase section */
		0744C8DD1B22546C007A9021 /* Resources */ = {
			isa = PBXResourcesBuildPhase;
			buildActionMask = 2147483647;
			files = (
				0744C8F31B22546C007A9021 /* LaunchScreen.xib in Resources */,
				0744C8F01B22546C007A9021 /* Images.xcassets in Resources */,
				07D7E5721B24647900FCCAFC /* Earthquakes.storyboard in Resources */,
				07FD2D621B2C6E4B004FED08 /* MenuViewController.xib in Resources */,
				85C2CF00986D984FF4DB4D0F /* Readme.md in Resources */,
			);
			runOnlyForDeploymentPostprocessing = 0;
		};
		0744C8F61B22546D007A9021 /* Resources */ = {
			isa = PBXResourcesBuildPhase;
			buildActionMask = 2147483647;
			files = (
				85C2CB2007BF171CE12B53E2 /* earthquakes.json in Resources */,
			);
			runOnlyForDeploymentPostprocessing = 0;
		};
/* End PBXResourcesBuildPhase section */

/* Begin PBXShellScriptBuildPhase section */
		46547EDDE4B2ADBB915386BA /* Check Pods Manifest.lock */ = {
			isa = PBXShellScriptBuildPhase;
			buildActionMask = 2147483647;
			files = (
			);
			inputPaths = (
			);
			name = "Check Pods Manifest.lock";
			outputPaths = (
			);
			runOnlyForDeploymentPostprocessing = 0;
			shellPath = /bin/sh;
			shellScript = "diff \"${PODS_ROOT}/../Podfile.lock\" \"${PODS_ROOT}/Manifest.lock\" > /dev/null\nif [[ $? != 0 ]] ; then\n    cat << EOM\nerror: The sandbox is not in sync with the Podfile.lock. Run 'pod install' or update your CocoaPods installation.\nEOM\n    exit 1\nfi\n";
			showEnvVarsInLog = 0;
		};
		6520CC746ED758636D04E917 /* Copy Pods Resources */ = {
			isa = PBXShellScriptBuildPhase;
			buildActionMask = 2147483647;
			files = (
			);
			inputPaths = (
			);
			name = "Copy Pods Resources";
			outputPaths = (
			);
			runOnlyForDeploymentPostprocessing = 0;
			shellPath = /bin/sh;
			shellScript = "\"${SRCROOT}/Pods/Target Support Files/Pods-IosTestSamples/Pods-IosTestSamples-resources.sh\"\n";
			showEnvVarsInLog = 0;
		};
		C8B27647739D568BF5F4249D /* Check Pods Manifest.lock */ = {
			isa = PBXShellScriptBuildPhase;
			buildActionMask = 2147483647;
			files = (
			);
			inputPaths = (
			);
			name = "Check Pods Manifest.lock";
			outputPaths = (
			);
			runOnlyForDeploymentPostprocessing = 0;
			shellPath = /bin/sh;
			shellScript = "diff \"${PODS_ROOT}/../Podfile.lock\" \"${PODS_ROOT}/Manifest.lock\" > /dev/null\nif [[ $? != 0 ]] ; then\n    cat << EOM\nerror: The sandbox is not in sync with the Podfile.lock. Run 'pod install' or update your CocoaPods installation.\nEOM\n    exit 1\nfi\n";
			showEnvVarsInLog = 0;
		};
		DA171BB331C71DF730732DE7 /* Copy Pods Resources */ = {
			isa = PBXShellScriptBuildPhase;
			buildActionMask = 2147483647;
			files = (
			);
			inputPaths = (
			);
			name = "Copy Pods Resources";
			outputPaths = (
			);
			runOnlyForDeploymentPostprocessing = 0;
			shellPath = /bin/sh;
			shellScript = "\"${SRCROOT}/Pods/Target Support Files/Pods-IosTestSamplesTests/Pods-IosTestSamplesTests-resources.sh\"\n";
			showEnvVarsInLog = 0;
		};
/* End PBXShellScriptBuildPhase section */

/* Begin PBXSourcesBuildPhase section */
		0744C8DB1B22546C007A9021 /* Sources */ = {
			isa = PBXSourcesBuildPhase;
			buildActionMask = 2147483647;
			files = (
				0744C8EB1B22546C007A9021 /* MenuViewController.m in Sources */,
				072037261B22632B00C484CD /* AppModule.m in Sources */,
				0744C8E81B22546C007A9021 /* AppDelegate.m in Sources */,
				07D7E5751B24651200FCCAFC /* EarthquakeController.m in Sources */,
				0744C8E51B22546C007A9021 /* main.m in Sources */,
				85C2CB49C213A9B70A5E54A3 /* EarthquakeModule.m in Sources */,
				85C2C88C3E6CBBA664CC3F92 /* EarthquakeDetailController.m in Sources */,
			);
			runOnlyForDeploymentPostprocessing = 0;
		};
		0744C8F41B22546D007A9021 /* Sources */ = {
			isa = PBXSourcesBuildPhase;
			buildActionMask = 2147483647;
			files = (
				07D7E5701B2265A200FCCAFC /* MenuViewControllerSpec.mm in Sources */,
				85C2C13293669727C27D3E7C /* TestModule.m in Sources */,
				85C2C2B106DC0F3FE2C33A5E /* EarthquakeControllerSpec.mm in Sources */,
				85C2CDF206E8CFDC3D7A3682 /* ResetHttpStubs.m in Sources */,
				85C2C76AF92EF8A8ED7388C5 /* FixtureStubber.m in Sources */,
			);
			runOnlyForDeploymentPostprocessing = 0;
		};
/* End PBXSourcesBuildPhase section */

/* Begin PBXTargetDependency section */
		0744C8FA1B22546D007A9021 /* PBXTargetDependency */ = {
			isa = PBXTargetDependency;
			target = 0744C8DE1B22546C007A9021 /* IosTestSamples */;
			targetProxy = 0744C8F91B22546D007A9021 /* PBXContainerItemProxy */;
		};
/* End PBXTargetDependency section */

/* Begin PBXVariantGroup section */
		0744C8F11B22546C007A9021 /* LaunchScreen.xib */ = {
			isa = PBXVariantGroup;
			children = (
				0744C8F21B22546C007A9021 /* Base */,
			);
			name = LaunchScreen.xib;
			sourceTree = "<group>";
		};
/* End PBXVariantGroup section */

/* Begin XCBuildConfiguration section */
		0744C9001B22546D007A9021 /* Debug */ = {
			isa = XCBuildConfiguration;
			buildSettings = {
				ALWAYS_SEARCH_USER_PATHS = NO;
				CLANG_CXX_LANGUAGE_STANDARD = "gnu++0x";
				CLANG_CXX_LIBRARY = "libc++";
				CLANG_ENABLE_MODULES = YES;
				CLANG_ENABLE_OBJC_ARC = YES;
				CLANG_WARN_BOOL_CONVERSION = YES;
				CLANG_WARN_CONSTANT_CONVERSION = YES;
				CLANG_WARN_DIRECT_OBJC_ISA_USAGE = YES_ERROR;
				CLANG_WARN_EMPTY_BODY = YES;
				CLANG_WARN_ENUM_CONVERSION = YES;
				CLANG_WARN_INT_CONVERSION = YES;
				CLANG_WARN_OBJC_ROOT_CLASS = YES_ERROR;
				CLANG_WARN_UNREACHABLE_CODE = YES;
				CLANG_WARN__DUPLICATE_METHOD_MATCH = YES;
				"CODE_SIGN_IDENTITY[sdk=iphoneos*]" = "iPhone Developer";
				COPY_PHASE_STRIP = NO;
				DEBUG_INFORMATION_FORMAT = "dwarf-with-dsym";
				ENABLE_STRICT_OBJC_MSGSEND = YES;
				GCC_C_LANGUAGE_STANDARD = gnu99;
				GCC_DYNAMIC_NO_PIC = NO;
				GCC_NO_COMMON_BLOCKS = YES;
				GCC_OPTIMIZATION_LEVEL = 0;
				GCC_PREPROCESSOR_DEFINITIONS = (
					"DEBUG=1",
					"$(inherited)",
				);
				GCC_SYMBOLS_PRIVATE_EXTERN = NO;
				GCC_WARN_64_TO_32_BIT_CONVERSION = YES;
				GCC_WARN_ABOUT_RETURN_TYPE = YES_ERROR;
				GCC_WARN_UNDECLARED_SELECTOR = YES;
				GCC_WARN_UNINITIALIZED_AUTOS = YES_AGGRESSIVE;
				GCC_WARN_UNUSED_FUNCTION = YES;
				GCC_WARN_UNUSED_VARIABLE = YES;
				IPHONEOS_DEPLOYMENT_TARGET = 8.3;
				MTL_ENABLE_DEBUG_INFO = YES;
				ONLY_ACTIVE_ARCH = YES;
				SDKROOT = iphoneos;
			};
			name = Debug;
		};
		0744C9011B22546D007A9021 /* Release */ = {
			isa = XCBuildConfiguration;
			buildSettings = {
				ALWAYS_SEARCH_USER_PATHS = NO;
				CLANG_CXX_LANGUAGE_STANDARD = "gnu++0x";
				CLANG_CXX_LIBRARY = "libc++";
				CLANG_ENABLE_MODULES = YES;
				CLANG_ENABLE_OBJC_ARC = YES;
				CLANG_WARN_BOOL_CONVERSION = YES;
				CLANG_WARN_CONSTANT_CONVERSION = YES;
				CLANG_WARN_DIRECT_OBJC_ISA_USAGE = YES_ERROR;
				CLANG_WARN_EMPTY_BODY = YES;
				CLANG_WARN_ENUM_CONVERSION = YES;
				CLANG_WARN_INT_CONVERSION = YES;
				CLANG_WARN_OBJC_ROOT_CLASS = YES_ERROR;
				CLANG_WARN_UNREACHABLE_CODE = YES;
				CLANG_WARN__DUPLICATE_METHOD_MATCH = YES;
				"CODE_SIGN_IDENTITY[sdk=iphoneos*]" = "iPhone Developer";
				COPY_PHASE_STRIP = NO;
				DEBUG_INFORMATION_FORMAT = "dwarf-with-dsym";
				ENABLE_NS_ASSERTIONS = NO;
				ENABLE_STRICT_OBJC_MSGSEND = YES;
				GCC_C_LANGUAGE_STANDARD = gnu99;
				GCC_NO_COMMON_BLOCKS = YES;
				GCC_WARN_64_TO_32_BIT_CONVERSION = YES;
				GCC_WARN_ABOUT_RETURN_TYPE = YES_ERROR;
				GCC_WARN_UNDECLARED_SELECTOR = YES;
				GCC_WARN_UNINITIALIZED_AUTOS = YES_AGGRESSIVE;
				GCC_WARN_UNUSED_FUNCTION = YES;
				GCC_WARN_UNUSED_VARIABLE = YES;
				IPHONEOS_DEPLOYMENT_TARGET = 8.3;
				MTL_ENABLE_DEBUG_INFO = NO;
				SDKROOT = iphoneos;
				VALIDATE_PRODUCT = YES;
			};
			name = Release;
		};
		0744C9031B22546D007A9021 /* Debug */ = {
			isa = XCBuildConfiguration;
			baseConfigurationReference = 56365BC2D35FDE7EEDD3E09D /* Pods-IosTestSamples.debug.xcconfig */;
			buildSettings = {
				ASSETCATALOG_COMPILER_APPICON_NAME = AppIcon;
				INFOPLIST_FILE = IosTestSamples/Info.plist;
				LD_RUNPATH_SEARCH_PATHS = "$(inherited) @executable_path/Frameworks";
				PRODUCT_NAME = IosTestSamples;
			};
			name = Debug;
		};
		0744C9041B22546D007A9021 /* Release */ = {
			isa = XCBuildConfiguration;
			baseConfigurationReference = 1434E1492BD3B9147B779437 /* Pods-IosTestSamples.release.xcconfig */;
			buildSettings = {
				ASSETCATALOG_COMPILER_APPICON_NAME = AppIcon;
				INFOPLIST_FILE = IosTestSamples/Info.plist;
				LD_RUNPATH_SEARCH_PATHS = "$(inherited) @executable_path/Frameworks";
				PRODUCT_NAME = IosTestSamples;
			};
			name = Release;
		};
		0744C9061B22546D007A9021 /* Debug */ = {
			isa = XCBuildConfiguration;
			baseConfigurationReference = 33CD078C676BF0FFB6A10922 /* Pods-IosTestSamplesTests.debug.xcconfig */;
			buildSettings = {
				BUNDLE_LOADER = "$(TEST_HOST)";
				FRAMEWORK_SEARCH_PATHS = (
					"$(SDKROOT)/Developer/Library/Frameworks",
					"$(inherited)",
				);
				GCC_PREPROCESSOR_DEFINITIONS = (
					"DEBUG=1",
					"$(inherited)",
				);
				INFOPLIST_FILE = IosTestSamplesTests/Info.plist;
				LD_RUNPATH_SEARCH_PATHS = "$(inherited) @executable_path/Frameworks @loader_path/Frameworks";
				PRODUCT_NAME = IosTestSamplesTests;
				TEST_HOST = "$(BUILT_PRODUCTS_DIR)/IosTestSamples.app/IosTestSamples";
				USER_HEADER_SEARCH_PATHS = "\"${PROJECT_DIR}/Pods\"/**";
			};
			name = Debug;
		};
		0744C9071B22546D007A9021 /* Release */ = {
			isa = XCBuildConfiguration;
			baseConfigurationReference = B4C8E3C1A46065842EA58CB5 /* Pods-IosTestSamplesTests.release.xcconfig */;
			buildSettings = {
				BUNDLE_LOADER = "$(TEST_HOST)";
				FRAMEWORK_SEARCH_PATHS = (
					"$(SDKROOT)/Developer/Library/Frameworks",
					"$(inherited)",
				);
				INFOPLIST_FILE = IosTestSamplesTests/Info.plist;
				LD_RUNPATH_SEARCH_PATHS = "$(inherited) @executable_path/Frameworks @loader_path/Frameworks";
				PRODUCT_NAME = IosTestSamplesTests;
				TEST_HOST = "$(BUILT_PRODUCTS_DIR)/IosTestSamples.app/IosTestSamples";
				USER_HEADER_SEARCH_PATHS = "\"${PROJECT_DIR}/Pods\"/**";
			};
			name = Release;
		};
/* End XCBuildConfiguration section */

/* Begin XCConfigurationList section */
		0744C8DA1B22546C007A9021 /* Build configuration list for PBXProject "IosTestSamples" */ = {
			isa = XCConfigurationList;
			buildConfigurations = (
				0744C9001B22546D007A9021 /* Debug */,
				0744C9011B22546D007A9021 /* Release */,
			);
			defaultConfigurationIsVisible = 0;
			defaultConfigurationName = Release;
		};
		0744C9021B22546D007A9021 /* Build configuration list for PBXNativeTarget "IosTestSamples" */ = {
			isa = XCConfigurationList;
			buildConfigurations = (
				0744C9031B22546D007A9021 /* Debug */,
				0744C9041B22546D007A9021 /* Release */,
			);
			defaultConfigurationIsVisible = 0;
			defaultConfigurationName = Release;
		};
		0744C9051B22546D007A9021 /* Build configuration list for PBXNativeTarget "IosTestSamplesTests" */ = {
			isa = XCConfigurationList;
			buildConfigurations = (
				0744C9061B22546D007A9021 /* Debug */,
				0744C9071B22546D007A9021 /* Release */,
			);
			defaultConfigurationIsVisible = 0;
			defaultConfigurationName = Release;
		};
/* End XCConfigurationList section */
	};
	rootObject = 0744C8D71B22546C007A9021 /* Project object */;
}
